{
    "name": "multimeter",
    "version": "0.1.1",
    "lockfileVersion": 1,
    "requires": true,
    "dependencies": {
        "charm": {
            "version": "0.1.2",
            "resolved": "https://registry.npmjs.org/charm/-/charm-0.1.2.tgz",
            "integrity": "sha1-BsIe7RobBq62dVPNxT4jJ0usIpY="
        }
    }
}
